
Microsoft Visual Studio Solution File, Format Version 12.00
# Visual Studio Version 17
VisualStudioVersion = 17.4.33205.214
MinimumVisualStudioVersion = 10.0.40219.1
Project("{FAE04EC0-301F-11D3-BF4B-00C04F79EFBC}") = "BankApp", "BankApp\BankApp.csproj", "{AFC10419-1C5E-423D-AFE7-8EA9895FD04E}"
EndProject
Project("{FAE04EC0-301F-11D3-BF4B-00C04F79EFBC}") = "BankTests", "BankTests\BankTests.csproj", "{6A2A9D94-67C8-438E-A735-0F2BE4B6DF36}"
EndProject
Global
	GlobalSection(SolutionConfigurationPlatforms) = preSolution
		Debug|Any CPU = Debug|Any CPU
		Release|Any CPU = Release|Any CPU
	EndGlobalSection
	GlobalSection(ProjectConfigurationPlatforms) = postSolution
		{AFC10419-1C5E-423D-AFE7-8EA9895FD04E}.Debug|Any CPU.ActiveCfg = Debug|Any CPU
		{AFC10419-1C5E-423D-AFE7-8EA9895FD04E}.Debug|Any CPU.Build.0 = Debug|Any CPU
		{AFC10419-1C5E-423D-AFE7-8EA9895FD04E}.Release|Any CPU.ActiveCfg = Release|Any CPU
		{AFC10419-1C5E-423D-AFE7-8EA9895FD04E}.Release|Any CPU.Build.0 = Release|Any CPU
		{6A2A9D94-67C8-438E-A735-0F2BE4B6DF36}.Debug|Any CPU.ActiveCfg = Debug|Any CPU
		{6A2A9D94-67C8-438E-A735-0F2BE4B6DF36}.Debug|Any CPU.Build.0 = Debug|Any CPU
		{6A2A9D94-67C8-438E-A735-0F2BE4B6DF36}.Release|Any CPU.ActiveCfg = Release|Any CPU
		{6A2A9D94-67C8-438E-A735-0F2BE4B6DF36}.Release|Any CPU.Build.0 = Release|Any CPU
	EndGlobalSection
	GlobalSection(SolutionProperties) = preSolution
		HideSolutionNode = FALSE
	EndGlobalSection
	GlobalSection(ExtensibilityGlobals) = postSolution
		SolutionGuid = {AB4BB140-BBDA-4137-8597-E101A96C70A7}
	EndGlobalSection
EndGlobal
